// !$*UTF8*$!
{
	archiveVersion = 1;
	classes = {
	};
	objectVersion = 56;
	objects = {

/* Begin PBXBuildFile section */
		404FE15F290DA16F007C5598 /* SettingsView.swift in Sources */ = {isa = PBXBuildFile; fileRef = 404FE15E290DA16F007C5598 /* SettingsView.swift */; };
		404FE161290DAC05007C5598 /* ViewHeaderModifier.swift in Sources */ = {isa = PBXBuildFile; fileRef = 404FE160290DAC05007C5598 /* ViewHeaderModifier.swift */; };
		404FE163290DB6C2007C5598 /* Achievement.swift in Sources */ = {isa = PBXBuildFile; fileRef = 404FE162290DB6C2007C5598 /* Achievement.swift */; };
		404FE168290DB7EC007C5598 /* PomodoroMenuButton.swift in Sources */ = {isa = PBXBuildFile; fileRef = 404FE167290DB7EC007C5598 /* PomodoroMenuButton.swift */; };
		404FE16A290DBDD9007C5598 /* FriendsView.swift in Sources */ = {isa = PBXBuildFile; fileRef = 404FE169290DBDD9007C5598 /* FriendsView.swift */; };
		4064D0AB2909F404002C1E75 /* Pomodoro__SwiftUI_App.swift in Sources */ = {isa = PBXBuildFile; fileRef = 4064D0AA2909F404002C1E75 /* Pomodoro__SwiftUI_App.swift */; };
		4064D0AD2909F404002C1E75 /* PomodoroView.swift in Sources */ = {isa = PBXBuildFile; fileRef = 4064D0AC2909F404002C1E75 /* PomodoroView.swift */; };
		4064D0AF2909F406002C1E75 /* Assets.xcassets in Resources */ = {isa = PBXBuildFile; fileRef = 4064D0AE2909F406002C1E75 /* Assets.xcassets */; };
		4064D0B22909F406002C1E75 /* Preview Assets.xcassets in Resources */ = {isa = PBXBuildFile; fileRef = 4064D0B12909F406002C1E75 /* Preview Assets.xcassets */; };
		4064D0BC2909F406002C1E75 /* Pomodoro__SwiftUI_Tests.swift in Sources */ = {isa = PBXBuildFile; fileRef = 4064D0BB2909F406002C1E75 /* Pomodoro__SwiftUI_Tests.swift */; };
		4064D0C62909F406002C1E75 /* Pomodoro__SwiftUI_UITests.swift in Sources */ = {isa = PBXBuildFile; fileRef = 4064D0C52909F406002C1E75 /* Pomodoro__SwiftUI_UITests.swift */; };
		4064D0C82909F406002C1E75 /* Pomodoro__SwiftUI_UITestsLaunchTests.swift in Sources */ = {isa = PBXBuildFile; fileRef = 4064D0C72909F406002C1E75 /* Pomodoro__SwiftUI_UITestsLaunchTests.swift */; };
		4064D0D62909F541002C1E75 /* Extensions.swift in Sources */ = {isa = PBXBuildFile; fileRef = 4064D0D52909F541002C1E75 /* Extensions.swift */; };
		4064D0D9290B038D002C1E75 /* Lottie in Frameworks */ = {isa = PBXBuildFile; productRef = 4064D0D8290B038D002C1E75 /* Lottie */; };
		4064D0DB290B0571002C1E75 /* LottieView.swift in Sources */ = {isa = PBXBuildFile; fileRef = 4064D0DA290B0571002C1E75 /* LottieView.swift */; };
		4064D0DE290B05FF002C1E75 /* rain.json in Resources */ = {isa = PBXBuildFile; fileRef = 4064D0DD290B05FF002C1E75 /* rain.json */; };
		4064D0E0290B1CB1002C1E75 /* MenuView.swift in Sources */ = {isa = PBXBuildFile; fileRef = 4064D0DF290B1CB1002C1E75 /* MenuView.swift */; };
		4064D0E2290B6918002C1E75 /* TimerSettings.swift in Sources */ = {isa = PBXBuildFile; fileRef = 4064D0E1290B6918002C1E75 /* TimerSettings.swift */; };
		4064D0E4290C5811002C1E75 /* PomodoroViewModel.swift in Sources */ = {isa = PBXBuildFile; fileRef = 4064D0E3290C5810002C1E75 /* PomodoroViewModel.swift */; };
		4064D0E7290C650F002C1E75 /* CoreDataController.swift in Sources */ = {isa = PBXBuildFile; fileRef = 4064D0E6290C650F002C1E75 /* CoreDataController.swift */; };
		4064D0EA290C6572002C1E75 /* Pomodoro.xcdatamodeld in Sources */ = {isa = PBXBuildFile; fileRef = 4064D0E8290C6572002C1E75 /* Pomodoro.xcdatamodeld */; };
		4064D0EC290C68C8002C1E75 /* HistoryView.swift in Sources */ = {isa = PBXBuildFile; fileRef = 4064D0EB290C68C8002C1E75 /* HistoryView.swift */; };
		40E9576C290CA41E003029B6 /* sparkle.json in Resources */ = {isa = PBXBuildFile; fileRef = 40E9576B290CA41D003029B6 /* sparkle.json */; };
		40E9576E290CBF13003029B6 /* AchievementsView.swift in Sources */ = {isa = PBXBuildFile; fileRef = 40E9576D290CBF13003029B6 /* AchievementsView.swift */; };
		40E95770290CCB9C003029B6 /* PreviousPomosGrid.swift in Sources */ = {isa = PBXBuildFile; fileRef = 40E9576F290CCB9C003029B6 /* PreviousPomosGrid.swift */; };
/* End PBXBuildFile section */

/* Begin PBXContainerItemProxy section */
		4064D0B82909F406002C1E75 /* PBXContainerItemProxy */ = {
			isa = PBXContainerItemProxy;
			containerPortal = 4064D09F2909F404002C1E75 /* Project object */;
			proxyType = 1;
			remoteGlobalIDString = 4064D0A62909F404002C1E75;
			remoteInfo = "Pomodoro (SwiftUI)";
		};
		4064D0C22909F406002C1E75 /* PBXContainerItemProxy */ = {
			isa = PBXContainerItemProxy;
			containerPortal = 4064D09F2909F404002C1E75 /* Project object */;
			proxyType = 1;
			remoteGlobalIDString = 4064D0A62909F404002C1E75;
			remoteInfo = "Pomodoro (SwiftUI)";
		};
/* End PBXContainerItemProxy section */

/* Begin PBXFileReference section */
		404FE15E290DA16F007C5598 /* SettingsView.swift */ = {isa = PBXFileReference; lastKnownFileType = sourcecode.swift; path = SettingsView.swift; sourceTree = "<group>"; };
		404FE160290DAC05007C5598 /* ViewHeaderModifier.swift */ = {isa = PBXFileReference; lastKnownFileType = sourcecode.swift; path = ViewHeaderModifier.swift; sourceTree = "<group>"; };
		404FE162290DB6C2007C5598 /* Achievement.swift */ = {isa = PBXFileReference; lastKnownFileType = sourcecode.swift; path = Achievement.swift; sourceTree = "<group>"; };
		404FE167290DB7EC007C5598 /* PomodoroMenuButton.swift */ = {isa = PBXFileReference; lastKnownFileType = sourcecode.swift; path = PomodoroMenuButton.swift; sourceTree = "<group>"; };
		404FE169290DBDD9007C5598 /* FriendsView.swift */ = {isa = PBXFileReference; lastKnownFileType = sourcecode.swift; path = FriendsView.swift; sourceTree = "<group>"; };
		4064D0A72909F404002C1E75 /* Pomodoro (SwiftUI).app */ = {isa = PBXFileReference; explicitFileType = wrapper.application; includeInIndex = 0; path = "Pomodoro (SwiftUI).app"; sourceTree = BUILT_PRODUCTS_DIR; };
		4064D0AA2909F404002C1E75 /* Pomodoro__SwiftUI_App.swift */ = {isa = PBXFileReference; lastKnownFileType = sourcecode.swift; path = Pomodoro__SwiftUI_App.swift; sourceTree = "<group>"; };
		4064D0AC2909F404002C1E75 /* PomodoroView.swift */ = {isa = PBXFileReference; lastKnownFileType = sourcecode.swift; path = PomodoroView.swift; sourceTree = "<group>"; };
		4064D0AE2909F406002C1E75 /* Assets.xcassets */ = {isa = PBXFileReference; lastKnownFileType = folder.assetcatalog; path = Assets.xcassets; sourceTree = "<group>"; };
		4064D0B12909F406002C1E75 /* Preview Assets.xcassets */ = {isa = PBXFileReference; lastKnownFileType = folder.assetcatalog; path = "Preview Assets.xcassets"; sourceTree = "<group>"; };
		4064D0B72909F406002C1E75 /* Pomodoro (SwiftUI)Tests.xctest */ = {isa = PBXFileReference; explicitFileType = wrapper.cfbundle; includeInIndex = 0; path = "Pomodoro (SwiftUI)Tests.xctest"; sourceTree = BUILT_PRODUCTS_DIR; };
		4064D0BB2909F406002C1E75 /* Pomodoro__SwiftUI_Tests.swift */ = {isa = PBXFileReference; lastKnownFileType = sourcecode.swift; path = Pomodoro__SwiftUI_Tests.swift; sourceTree = "<group>"; };
		4064D0C12909F406002C1E75 /* Pomodoro (SwiftUI)UITests.xctest */ = {isa = PBXFileReference; explicitFileType = wrapper.cfbundle; includeInIndex = 0; path = "Pomodoro (SwiftUI)UITests.xctest"; sourceTree = BUILT_PRODUCTS_DIR; };
		4064D0C52909F406002C1E75 /* Pomodoro__SwiftUI_UITests.swift */ = {isa = PBXFileReference; lastKnownFileType = sourcecode.swift; path = Pomodoro__SwiftUI_UITests.swift; sourceTree = "<group>"; };
		4064D0C72909F406002C1E75 /* Pomodoro__SwiftUI_UITestsLaunchTests.swift */ = {isa = PBXFileReference; lastKnownFileType = sourcecode.swift; path = Pomodoro__SwiftUI_UITestsLaunchTests.swift; sourceTree = "<group>"; };
		4064D0D52909F541002C1E75 /* Extensions.swift */ = {isa = PBXFileReference; lastKnownFileType = sourcecode.swift; path = Extensions.swift; sourceTree = "<group>"; };
		4064D0DA290B0571002C1E75 /* LottieView.swift */ = {isa = PBXFileReference; lastKnownFileType = sourcecode.swift; path = LottieView.swift; sourceTree = "<group>"; };
		4064D0DD290B05FF002C1E75 /* rain.json */ = {isa = PBXFileReference; fileEncoding = 4; lastKnownFileType = text.json; path = rain.json; sourceTree = "<group>"; };
		4064D0DF290B1CB1002C1E75 /* MenuView.swift */ = {isa = PBXFileReference; lastKnownFileType = sourcecode.swift; path = MenuView.swift; sourceTree = "<group>"; };
		4064D0E1290B6918002C1E75 /* TimerSettings.swift */ = {isa = PBXFileReference; lastKnownFileType = sourcecode.swift; path = TimerSettings.swift; sourceTree = "<group>"; };
		4064D0E3290C5810002C1E75 /* PomodoroViewModel.swift */ = {isa = PBXFileReference; lastKnownFileType = sourcecode.swift; path = PomodoroViewModel.swift; sourceTree = "<group>"; };
		4064D0E6290C650F002C1E75 /* CoreDataController.swift */ = {isa = PBXFileReference; lastKnownFileType = sourcecode.swift; path = CoreDataController.swift; sourceTree = "<group>"; };
		4064D0E9290C6572002C1E75 /* Pomodoro.xcdatamodel */ = {isa = PBXFileReference; lastKnownFileType = wrapper.xcdatamodel; path = Pomodoro.xcdatamodel; sourceTree = "<group>"; };
		4064D0EB290C68C8002C1E75 /* HistoryView.swift */ = {isa = PBXFileReference; lastKnownFileType = sourcecode.swift; path = HistoryView.swift; sourceTree = "<group>"; };
		40E9576B290CA41D003029B6 /* sparkle.json */ = {isa = PBXFileReference; fileEncoding = 4; lastKnownFileType = text.json; path = sparkle.json; sourceTree = "<group>"; };
		40E9576D290CBF13003029B6 /* AchievementsView.swift */ = {isa = PBXFileReference; lastKnownFileType = sourcecode.swift; path = AchievementsView.swift; sourceTree = "<group>"; };
		40E9576F290CCB9C003029B6 /* PreviousPomosGrid.swift */ = {isa = PBXFileReference; lastKnownFileType = sourcecode.swift; path = PreviousPomosGrid.swift; sourceTree = "<group>"; };
/* End PBXFileReference section */

/* Begin PBXFrameworksBuildPhase section */
		4064D0A42909F404002C1E75 /* Frameworks */ = {
			isa = PBXFrameworksBuildPhase;
			buildActionMask = 2147483647;
			files = (
				4064D0D9290B038D002C1E75 /* Lottie in Frameworks */,
			);
			runOnlyForDeploymentPostprocessing = 0;
		};
		4064D0B42909F406002C1E75 /* Frameworks */ = {
			isa = PBXFrameworksBuildPhase;
			buildActionMask = 2147483647;
			files = (
			);
			runOnlyForDeploymentPostprocessing = 0;
		};
		4064D0BE2909F406002C1E75 /* Frameworks */ = {
			isa = PBXFrameworksBuildPhase;
			buildActionMask = 2147483647;
			files = (
			);
			runOnlyForDeploymentPostprocessing = 0;
		};
/* End PBXFrameworksBuildPhase section */

/* Begin PBXGroup section */
		404FE164290DB6CA007C5598 /* Model */ = {
			isa = PBXGroup;
			children = (
				404FE162290DB6C2007C5598 /* Achievement.swift */,
				404FE167290DB7EC007C5598 /* PomodoroMenuButton.swift */,
			);
			path = Model;
			sourceTree = "<group>";
		};
		404FE165290DB6DC007C5598 /* ViewModel */ = {
			isa = PBXGroup;
			children = (
				4064D0E3290C5810002C1E75 /* PomodoroViewModel.swift */,
			);
			path = ViewModel;
			sourceTree = "<group>";
		};
		404FE166290DB6F1007C5598 /* Modifiers */ = {
			isa = PBXGroup;
			children = (
				404FE160290DAC05007C5598 /* ViewHeaderModifier.swift */,
			);
			path = Modifiers;
			sourceTree = "<group>";
		};
		4064D09E2909F404002C1E75 = {
			isa = PBXGroup;
			children = (
				4064D0A92909F404002C1E75 /* Pomodoro (SwiftUI) */,
				4064D0BA2909F406002C1E75 /* Pomodoro (SwiftUI)Tests */,
				4064D0C42909F406002C1E75 /* Pomodoro (SwiftUI)UITests */,
				4064D0A82909F404002C1E75 /* Products */,
			);
			sourceTree = "<group>";
		};
		4064D0A82909F404002C1E75 /* Products */ = {
			isa = PBXGroup;
			children = (
				4064D0A72909F404002C1E75 /* Pomodoro (SwiftUI).app */,
				4064D0B72909F406002C1E75 /* Pomodoro (SwiftUI)Tests.xctest */,
				4064D0C12909F406002C1E75 /* Pomodoro (SwiftUI)UITests.xctest */,
			);
			name = Products;
			sourceTree = "<group>";
		};
		4064D0A92909F404002C1E75 /* Pomodoro (SwiftUI) */ = {
			isa = PBXGroup;
			children = (
				4064D0AA2909F404002C1E75 /* Pomodoro__SwiftUI_App.swift */,
				4064D0D52909F541002C1E75 /* Extensions.swift */,
				4064D0E5290C64F5002C1E75 /* CoreData */,
				4064D0DC290B05F4002C1E75 /* Lottie */,
				404FE164290DB6CA007C5598 /* Model */,
				4064D0D42909F522002C1E75 /* View */,
				404FE165290DB6DC007C5598 /* ViewModel */,
				4064D0AE2909F406002C1E75 /* Assets.xcassets */,
				4064D0B02909F406002C1E75 /* Preview Content */,
			);
			path = "Pomodoro (SwiftUI)";
			sourceTree = "<group>";
		};
		4064D0B02909F406002C1E75 /* Preview Content */ = {
			isa = PBXGroup;
			children = (
				4064D0B12909F406002C1E75 /* Preview Assets.xcassets */,
			);
			path = "Preview Content";
			sourceTree = "<group>";
		};
		4064D0BA2909F406002C1E75 /* Pomodoro (SwiftUI)Tests */ = {
			isa = PBXGroup;
			children = (
				4064D0BB2909F406002C1E75 /* Pomodoro__SwiftUI_Tests.swift */,
			);
			path = "Pomodoro (SwiftUI)Tests";
			sourceTree = "<group>";
		};
		4064D0C42909F406002C1E75 /* Pomodoro (SwiftUI)UITests */ = {
			isa = PBXGroup;
			children = (
				4064D0C52909F406002C1E75 /* Pomodoro__SwiftUI_UITests.swift */,
				4064D0C72909F406002C1E75 /* Pomodoro__SwiftUI_UITestsLaunchTests.swift */,
			);
			path = "Pomodoro (SwiftUI)UITests";
			sourceTree = "<group>";
		};
		4064D0D42909F522002C1E75 /* View */ = {
			isa = PBXGroup;
			children = (
				4064D0AC2909F404002C1E75 /* PomodoroView.swift */,
				4064D0E1290B6918002C1E75 /* TimerSettings.swift */,
				40E9576F290CCB9C003029B6 /* PreviousPomosGrid.swift */,
				4064D0DF290B1CB1002C1E75 /* MenuView.swift */,
				4064D0EB290C68C8002C1E75 /* HistoryView.swift */,
				40E9576D290CBF13003029B6 /* AchievementsView.swift */,
				404FE169290DBDD9007C5598 /* FriendsView.swift */,
				404FE15E290DA16F007C5598 /* SettingsView.swift */,
				404FE166290DB6F1007C5598 /* Modifiers */,
			);
			path = View;
			sourceTree = "<group>";
		};
		4064D0DC290B05F4002C1E75 /* Lottie */ = {
			isa = PBXGroup;
			children = (
				40E9576B290CA41D003029B6 /* sparkle.json */,
				4064D0DD290B05FF002C1E75 /* rain.json */,
				4064D0DA290B0571002C1E75 /* LottieView.swift */,
			);
			path = Lottie;
			sourceTree = "<group>";
		};
		4064D0E5290C64F5002C1E75 /* CoreData */ = {
			isa = PBXGroup;
			children = (
				4064D0E8290C6572002C1E75 /* Pomodoro.xcdatamodeld */,
				4064D0E6290C650F002C1E75 /* CoreDataController.swift */,
			);
			path = CoreData;
			sourceTree = "<group>";
		};
/* End PBXGroup section */

/* Begin PBXNativeTarget section */
		4064D0A62909F404002C1E75 /* Pomodoro (SwiftUI) */ = {
			isa = PBXNativeTarget;
			buildConfigurationList = 4064D0CB2909F406002C1E75 /* Build configuration list for PBXNativeTarget "Pomodoro (SwiftUI)" */;
			buildPhases = (
				4064D0A32909F404002C1E75 /* Sources */,
				4064D0A42909F404002C1E75 /* Frameworks */,
				4064D0A52909F404002C1E75 /* Resources */,
			);
			buildRules = (
			);
			dependencies = (
			);
			name = "Pomodoro (SwiftUI)";
			packageProductDependencies = (
				4064D0D8290B038D002C1E75 /* Lottie */,
			);
			productName = "Pomodoro (SwiftUI)";
			productReference = 4064D0A72909F404002C1E75 /* Pomodoro (SwiftUI).app */;
			productType = "com.apple.product-type.application";
		};
		4064D0B62909F406002C1E75 /* Pomodoro (SwiftUI)Tests */ = {
			isa = PBXNativeTarget;
			buildConfigurationList = 4064D0CE2909F406002C1E75 /* Build configuration list for PBXNativeTarget "Pomodoro (SwiftUI)Tests" */;
			buildPhases = (
				4064D0B32909F406002C1E75 /* Sources */,
				4064D0B42909F406002C1E75 /* Frameworks */,
				4064D0B52909F406002C1E75 /* Resources */,
			);
			buildRules = (
			);
			dependencies = (
				4064D0B92909F406002C1E75 /* PBXTargetDependency */,
			);
			name = "Pomodoro (SwiftUI)Tests";
			productName = "Pomodoro (SwiftUI)Tests";
			productReference = 4064D0B72909F406002C1E75 /* Pomodoro (SwiftUI)Tests.xctest */;
			productType = "com.apple.product-type.bundle.unit-test";
		};
		4064D0C02909F406002C1E75 /* Pomodoro (SwiftUI)UITests */ = {
			isa = PBXNativeTarget;
			buildConfigurationList = 4064D0D12909F406002C1E75 /* Build configuration list for PBXNativeTarget "Pomodoro (SwiftUI)UITests" */;
			buildPhases = (
				4064D0BD2909F406002C1E75 /* Sources */,
				4064D0BE2909F406002C1E75 /* Frameworks */,
				4064D0BF2909F406002C1E75 /* Resources */,
			);
			buildRules = (
			);
			dependencies = (
				4064D0C32909F406002C1E75 /* PBXTargetDependency */,
			);
			name = "Pomodoro (SwiftUI)UITests";
			productName = "Pomodoro (SwiftUI)UITests";
			productReference = 4064D0C12909F406002C1E75 /* Pomodoro (SwiftUI)UITests.xctest */;
			productType = "com.apple.product-type.bundle.ui-testing";
		};
/* End PBXNativeTarget section */

/* Begin PBXProject section */
		4064D09F2909F404002C1E75 /* Project object */ = {
			isa = PBXProject;
			attributes = {
				BuildIndependentTargetsInParallel = 1;
				LastSwiftUpdateCheck = 1400;
				LastUpgradeCheck = 1400;
				TargetAttributes = {
					4064D0A62909F404002C1E75 = {
						CreatedOnToolsVersion = 14.0.1;
					};
					4064D0B62909F406002C1E75 = {
						CreatedOnToolsVersion = 14.0.1;
						TestTargetID = 4064D0A62909F404002C1E75;
					};
					4064D0C02909F406002C1E75 = {
						CreatedOnToolsVersion = 14.0.1;
						TestTargetID = 4064D0A62909F404002C1E75;
					};
				};
			};
			buildConfigurationList = 4064D0A22909F404002C1E75 /* Build configuration list for PBXProject "Pomodoro (SwiftUI)" */;
			compatibilityVersion = "Xcode 14.0";
			developmentRegion = en;
			hasScannedForEncodings = 0;
			knownRegions = (
				en,
				Base,
			);
			mainGroup = 4064D09E2909F404002C1E75;
			packageReferences = (
				4064D0D7290B038D002C1E75 /* XCRemoteSwiftPackageReference "lottie-ios" */,
			);
			productRefGroup = 4064D0A82909F404002C1E75 /* Products */;
			projectDirPath = "";
			projectRoot = "";
			targets = (
				4064D0A62909F404002C1E75 /* Pomodoro (SwiftUI) */,
				4064D0B62909F406002C1E75 /* Pomodoro (SwiftUI)Tests */,
				4064D0C02909F406002C1E75 /* Pomodoro (SwiftUI)UITests */,
			);
		};
/* End PBXProject section */

/* Begin PBXResourcesBuildPhase section */
		4064D0A52909F404002C1E75 /* Resources */ = {
			isa = PBXResourcesBuildPhase;
			buildActionMask = 2147483647;
			files = (
				4064D0B22909F406002C1E75 /* Preview Assets.xcassets in Resources */,
				40E9576C290CA41E003029B6 /* sparkle.json in Resources */,
				4064D0AF2909F406002C1E75 /* Assets.xcassets in Resources */,
				4064D0DE290B05FF002C1E75 /* rain.json in Resources */,
			);
			runOnlyForDeploymentPostprocessing = 0;
		};
		4064D0B52909F406002C1E75 /* Resources */ = {
			isa = PBXResourcesBuildPhase;
			buildActionMask = 2147483647;
			files = (
			);
			runOnlyForDeploymentPostprocessing = 0;
		};
		4064D0BF2909F406002C1E75 /* Resources */ = {
			isa = PBXResourcesBuildPhase;
			buildActionMask = 2147483647;
			files = (
			);
			runOnlyForDeploymentPostprocessing = 0;
		};
/* End PBXResourcesBuildPhase section */

/* Begin PBXSourcesBuildPhase section */
		4064D0A32909F404002C1E75 /* Sources */ = {
			isa = PBXSourcesBuildPhase;
			buildActionMask = 2147483647;
			files = (
				4064D0EC290C68C8002C1E75 /* HistoryView.swift in Sources */,
				4064D0E2290B6918002C1E75 /* TimerSettings.swift in Sources */,
				4064D0E0290B1CB1002C1E75 /* MenuView.swift in Sources */,
				404FE168290DB7EC007C5598 /* PomodoroMenuButton.swift in Sources */,
				40E95770290CCB9C003029B6 /* PreviousPomosGrid.swift in Sources */,
				4064D0E7290C650F002C1E75 /* CoreDataController.swift in Sources */,
				4064D0EA290C6572002C1E75 /* Pomodoro.xcdatamodeld in Sources */,
				4064D0E4290C5811002C1E75 /* PomodoroViewModel.swift in Sources */,
				4064D0AD2909F404002C1E75 /* PomodoroView.swift in Sources */,
				404FE16A290DBDD9007C5598 /* FriendsView.swift in Sources */,
				4064D0D62909F541002C1E75 /* Extensions.swift in Sources */,
				4064D0AB2909F404002C1E75 /* Pomodoro__SwiftUI_App.swift in Sources */,
				404FE161290DAC05007C5598 /* ViewHeaderModifier.swift in Sources */,
				40E9576E290CBF13003029B6 /* AchievementsView.swift in Sources */,
				4064D0DB290B0571002C1E75 /* LottieView.swift in Sources */,
				404FE15F290DA16F007C5598 /* SettingsView.swift in Sources */,
				404FE163290DB6C2007C5598 /* Achievement.swift in Sources */,
			);
			runOnlyForDeploymentPostprocessing = 0;
		};
		4064D0B32909F406002C1E75 /* Sources */ = {
			isa = PBXSourcesBuildPhase;
			buildActionMask = 2147483647;
			files = (
				4064D0BC2909F406002C1E75 /* Pomodoro__SwiftUI_Tests.swift in Sources */,
			);
			runOnlyForDeploymentPostprocessing = 0;
		};
		4064D0BD2909F406002C1E75 /* Sources */ = {
			isa = PBXSourcesBuildPhase;
			buildActionMask = 2147483647;
			files = (
				4064D0C62909F406002C1E75 /* Pomodoro__SwiftUI_UITests.swift in Sources */,
				4064D0C82909F406002C1E75 /* Pomodoro__SwiftUI_UITestsLaunchTests.swift in Sources */,
			);
			runOnlyForDeploymentPostprocessing = 0;
		};
/* End PBXSourcesBuildPhase section */

/* Begin PBXTargetDependency section */
		4064D0B92909F406002C1E75 /* PBXTargetDependency */ = {
			isa = PBXTargetDependency;
			target = 4064D0A62909F404002C1E75 /* Pomodoro (SwiftUI) */;
			targetProxy = 4064D0B82909F406002C1E75 /* PBXContainerItemProxy */;
		};
		4064D0C32909F406002C1E75 /* PBXTargetDependency */ = {
			isa = PBXTargetDependency;
			target = 4064D0A62909F404002C1E75 /* Pomodoro (SwiftUI) */;
			targetProxy = 4064D0C22909F406002C1E75 /* PBXContainerItemProxy */;
		};
/* End PBXTargetDependency section */

/* Begin XCBuildConfiguration section */
		4064D0C92909F406002C1E75 /* Debug */ = {
			isa = XCBuildConfiguration;
			buildSettings = {
				ALWAYS_SEARCH_USER_PATHS = NO;
				CLANG_ANALYZER_NONNULL = YES;
				CLANG_ANALYZER_NUMBER_OBJECT_CONVERSION = YES_AGGRESSIVE;
				CLANG_CXX_LANGUAGE_STANDARD = "gnu++20";
				CLANG_ENABLE_MODULES = YES;
				CLANG_ENABLE_OBJC_ARC = YES;
				CLANG_ENABLE_OBJC_WEAK = YES;
				CLANG_WARN_BLOCK_CAPTURE_AUTORELEASING = YES;
				CLANG_WARN_BOOL_CONVERSION = YES;
				CLANG_WARN_COMMA = YES;
				CLANG_WARN_CONSTANT_CONVERSION = YES;
				CLANG_WARN_DEPRECATED_OBJC_IMPLEMENTATIONS = YES;
				CLANG_WARN_DIRECT_OBJC_ISA_USAGE = YES_ERROR;
				CLANG_WARN_DOCUMENTATION_COMMENTS = YES;
				CLANG_WARN_EMPTY_BODY = YES;
				CLANG_WARN_ENUM_CONVERSION = YES;
				CLANG_WARN_INFINITE_RECURSION = YES;
				CLANG_WARN_INT_CONVERSION = YES;
				CLANG_WARN_NON_LITERAL_NULL_CONVERSION = YES;
				CLANG_WARN_OBJC_IMPLICIT_RETAIN_SELF = YES;
				CLANG_WARN_OBJC_LITERAL_CONVERSION = YES;
				CLANG_WARN_OBJC_ROOT_CLASS = YES_ERROR;
				CLANG_WARN_QUOTED_INCLUDE_IN_FRAMEWORK_HEADER = YES;
				CLANG_WARN_RANGE_LOOP_ANALYSIS = YES;
				CLANG_WARN_STRICT_PROTOTYPES = YES;
				CLANG_WARN_SUSPICIOUS_MOVE = YES;
				CLANG_WARN_UNGUARDED_AVAILABILITY = YES_AGGRESSIVE;
				CLANG_WARN_UNREACHABLE_CODE = YES;
				CLANG_WARN__DUPLICATE_METHOD_MATCH = YES;
				COPY_PHASE_STRIP = NO;
				DEBUG_INFORMATION_FORMAT = dwarf;
				ENABLE_STRICT_OBJC_MSGSEND = YES;
				ENABLE_TESTABILITY = YES;
				GCC_C_LANGUAGE_STANDARD = gnu11;
				GCC_DYNAMIC_NO_PIC = NO;
				GCC_NO_COMMON_BLOCKS = YES;
				GCC_OPTIMIZATION_LEVEL = 0;
				GCC_PREPROCESSOR_DEFINITIONS = (
					"DEBUG=1",
					"$(inherited)",
				);
				GCC_WARN_64_TO_32_BIT_CONVERSION = YES;
				GCC_WARN_ABOUT_RETURN_TYPE = YES_ERROR;
				GCC_WARN_UNDECLARED_SELECTOR = YES;
				GCC_WARN_UNINITIALIZED_AUTOS = YES_AGGRESSIVE;
				GCC_WARN_UNUSED_FUNCTION = YES;
				GCC_WARN_UNUSED_VARIABLE = YES;
				IPHONEOS_DEPLOYMENT_TARGET = 16.0;
				MTL_ENABLE_DEBUG_INFO = INCLUDE_SOURCE;
				MTL_FAST_MATH = YES;
				ONLY_ACTIVE_ARCH = YES;
				SDKROOT = iphoneos;
				SWIFT_ACTIVE_COMPILATION_CONDITIONS = DEBUG;
				SWIFT_OPTIMIZATION_LEVEL = "-Onone";
			};
			name = Debug;
		};
		4064D0CA2909F406002C1E75 /* Release */ = {
			isa = XCBuildConfiguration;
			buildSettings = {
				ALWAYS_SEARCH_USER_PATHS = NO;
				CLANG_ANALYZER_NONNULL = YES;
				CLANG_ANALYZER_NUMBER_OBJECT_CONVERSION = YES_AGGRESSIVE;
				CLANG_CXX_LANGUAGE_STANDARD = "gnu++20";
				CLANG_ENABLE_MODULES = YES;
				CLANG_ENABLE_OBJC_ARC = YES;
				CLANG_ENABLE_OBJC_WEAK = YES;
				CLANG_WARN_BLOCK_CAPTURE_AUTORELEASING = YES;
				CLANG_WARN_BOOL_CONVERSION = YES;
				CLANG_WARN_COMMA = YES;
				CLANG_WARN_CONSTANT_CONVERSION = YES;
				CLANG_WARN_DEPRECATED_OBJC_IMPLEMENTATIONS = YES;
				CLANG_WARN_DIRECT_OBJC_ISA_USAGE = YES_ERROR;
				CLANG_WARN_DOCUMENTATION_COMMENTS = YES;
				CLANG_WARN_EMPTY_BODY = YES;
				CLANG_WARN_ENUM_CONVERSION = YES;
				CLANG_WARN_INFINITE_RECURSION = YES;
				CLANG_WARN_INT_CONVERSION = YES;
				CLANG_WARN_NON_LITERAL_NULL_CONVERSION = YES;
				CLANG_WARN_OBJC_IMPLICIT_RETAIN_SELF = YES;
				CLANG_WARN_OBJC_LITERAL_CONVERSION = YES;
				CLANG_WARN_OBJC_ROOT_CLASS = YES_ERROR;
				CLANG_WARN_QUOTED_INCLUDE_IN_FRAMEWORK_HEADER = YES;
				CLANG_WARN_RANGE_LOOP_ANALYSIS = YES;
				CLANG_WARN_STRICT_PROTOTYPES = YES;
				CLANG_WARN_SUSPICIOUS_MOVE = YES;
				CLANG_WARN_UNGUARDED_AVAILABILITY = YES_AGGRESSIVE;
				CLANG_WARN_UNREACHABLE_CODE = YES;
				CLANG_WARN__DUPLICATE_METHOD_MATCH = YES;
				COPY_PHASE_STRIP = NO;
				DEBUG_INFORMATION_FORMAT = "dwarf-with-dsym";
				ENABLE_NS_ASSERTIONS = NO;
				ENABLE_STRICT_OBJC_MSGSEND = YES;
				GCC_C_LANGUAGE_STANDARD = gnu11;
				GCC_NO_COMMON_BLOCKS = YES;
				GCC_WARN_64_TO_32_BIT_CONVERSION = YES;
				GCC_WARN_ABOUT_RETURN_TYPE = YES_ERROR;
				GCC_WARN_UNDECLARED_SELECTOR = YES;
				GCC_WARN_UNINITIALIZED_AUTOS = YES_AGGRESSIVE;
				GCC_WARN_UNUSED_FUNCTION = YES;
				GCC_WARN_UNUSED_VARIABLE = YES;
				IPHONEOS_DEPLOYMENT_TARGET = 16.0;
				MTL_ENABLE_DEBUG_INFO = NO;
				MTL_FAST_MATH = YES;
				SDKROOT = iphoneos;
				SWIFT_COMPILATION_MODE = wholemodule;
				SWIFT_OPTIMIZATION_LEVEL = "-O";
				VALIDATE_PRODUCT = YES;
			};
			name = Release;
		};
		4064D0CC2909F406002C1E75 /* Debug */ = {
			isa = XCBuildConfiguration;
			buildSettings = {
				ASSETCATALOG_COMPILER_APPICON_NAME = AppIcon;
				ASSETCATALOG_COMPILER_GLOBAL_ACCENT_COLOR_NAME = AccentColor;
				CODE_SIGN_STYLE = Automatic;
				CURRENT_PROJECT_VERSION = 1;
				DEVELOPMENT_ASSET_PATHS = "\"Pomodoro (SwiftUI)/Preview Content\"";
				DEVELOPMENT_TEAM = 9B48U74AU3;
				ENABLE_PREVIEWS = YES;
				GENERATE_INFOPLIST_FILE = YES;
				INFOPLIST_KEY_UIApplicationSceneManifest_Generation = YES;
				INFOPLIST_KEY_UIApplicationSupportsIndirectInputEvents = YES;
				INFOPLIST_KEY_UILaunchScreen_Generation = YES;
				INFOPLIST_KEY_UISupportedInterfaceOrientations_iPad = "UIInterfaceOrientationPortrait UIInterfaceOrientationPortraitUpsideDown UIInterfaceOrientationLandscapeLeft UIInterfaceOrientationLandscapeRight";
				INFOPLIST_KEY_UISupportedInterfaceOrientations_iPhone = "UIInterfaceOrientationPortrait UIInterfaceOrientationLandscapeLeft UIInterfaceOrientationLandscapeRight";
				LD_RUNPATH_SEARCH_PATHS = (
					"$(inherited)",
					"@executable_path/Frameworks",
				);
				MARKETING_VERSION = 1.0;
				PRODUCT_BUNDLE_IDENTIFIER = "bugdent.Pomodoro--SwiftUI-";
				PRODUCT_NAME = "$(TARGET_NAME)";
				SWIFT_EMIT_LOC_STRINGS = YES;
				SWIFT_VERSION = 5.0;
				TARGETED_DEVICE_FAMILY = "1,2";
			};
			name = Debug;
		};
		4064D0CD2909F406002C1E75 /* Release */ = {
			isa = XCBuildConfiguration;
			buildSettings = {
				ASSETCATALOG_COMPILER_APPICON_NAME = AppIcon;
				ASSETCATALOG_COMPILER_GLOBAL_ACCENT_COLOR_NAME = AccentColor;
				CODE_SIGN_STYLE = Automatic;
				CURRENT_PROJECT_VERSION = 1;
				DEVELOPMENT_ASSET_PATHS = "\"Pomodoro (SwiftUI)/Preview Content\"";
				DEVELOPMENT_TEAM = 9B48U74AU3;
				ENABLE_PREVIEWS = YES;
				GENERATE_INFOPLIST_FILE = YES;
				INFOPLIST_KEY_UIApplicationSceneManifest_Generation = YES;
				INFOPLIST_KEY_UIApplicationSupportsIndirectInputEvents = YES;
				INFOPLIST_KEY_UILaunchScreen_Generation = YES;
				INFOPLIST_KEY_UISupportedInterfaceOrientations_iPad = "UIInterfaceOrientationPortrait UIInterfaceOrientationPortraitUpsideDown UIInterfaceOrientationLandscapeLeft UIInterfaceOrientationLandscapeRight";
				INFOPLIST_KEY_UISupportedInterfaceOrientations_iPhone = "UIInterfaceOrientationPortrait UIInterfaceOrientationLandscapeLeft UIInterfaceOrientationLandscapeRight";
				LD_RUNPATH_SEARCH_PATHS = (
					"$(inherited)",
					"@executable_path/Frameworks",
				);
				MARKETING_VERSION = 1.0;
				PRODUCT_BUNDLE_IDENTIFIER = "bugdent.Pomodoro--SwiftUI-";
				PRODUCT_NAME = "$(TARGET_NAME)";
				SWIFT_EMIT_LOC_STRINGS = YES;
				SWIFT_VERSION = 5.0;
				TARGETED_DEVICE_FAMILY = "1,2";
			};
			name = Release;
		};
		4064D0CF2909F406002C1E75 /* Debug */ = {
			isa = XCBuildConfiguration;
			buildSettings = {
				ALWAYS_EMBED_SWIFT_STANDARD_LIBRARIES = YES;
				BUNDLE_LOADER = "$(TEST_HOST)";
				CODE_SIGN_STYLE = Automatic;
				CURRENT_PROJECT_VERSION = 1;
				DEVELOPMENT_TEAM = 9B48U74AU3;
				GENERATE_INFOPLIST_FILE = YES;
				IPHONEOS_DEPLOYMENT_TARGET = 16.0;
				MARKETING_VERSION = 1.0;
				PRODUCT_BUNDLE_IDENTIFIER = "bugdent.Pomodoro--SwiftUI-Tests";
				PRODUCT_NAME = "$(TARGET_NAME)";
				SWIFT_EMIT_LOC_STRINGS = NO;
				SWIFT_VERSION = 5.0;
				TARGETED_DEVICE_FAMILY = "1,2";
				TEST_HOST = "$(BUILT_PRODUCTS_DIR)/Pomodoro (SwiftUI).app/$(BUNDLE_EXECUTABLE_FOLDER_PATH)/Pomodoro (SwiftUI)";
			};
			name = Debug;
		};
		4064D0D02909F406002C1E75 /* Release */ = {
			isa = XCBuildConfiguration;
			buildSettings = {
				ALWAYS_EMBED_SWIFT_STANDARD_LIBRARIES = YES;
				BUNDLE_LOADER = "$(TEST_HOST)";
				CODE_SIGN_STYLE = Automatic;
				CURRENT_PROJECT_VERSION = 1;
				DEVELOPMENT_TEAM = 9B48U74AU3;
				GENERATE_INFOPLIST_FILE = YES;
				IPHONEOS_DEPLOYMENT_TARGET = 16.0;
				MARKETING_VERSION = 1.0;
				PRODUCT_BUNDLE_IDENTIFIER = "bugdent.Pomodoro--SwiftUI-Tests";
				PRODUCT_NAME = "$(TARGET_NAME)";
				SWIFT_EMIT_LOC_STRINGS = NO;
				SWIFT_VERSION = 5.0;
				TARGETED_DEVICE_FAMILY = "1,2";
				TEST_HOST = "$(BUILT_PRODUCTS_DIR)/Pomodoro (SwiftUI).app/$(BUNDLE_EXECUTABLE_FOLDER_PATH)/Pomodoro (SwiftUI)";
			};
			name = Release;
		};
		4064D0D22909F406002C1E75 /* Debug */ = {
			isa = XCBuildConfiguration;
			buildSettings = {
				ALWAYS_EMBED_SWIFT_STANDARD_LIBRARIES = YES;
				CODE_SIGN_STYLE = Automatic;
				CURRENT_PROJECT_VERSION = 1;
				DEVELOPMENT_TEAM = 9B48U74AU3;
				GENERATE_INFOPLIST_FILE = YES;
				MARKETING_VERSION = 1.0;
				PRODUCT_BUNDLE_IDENTIFIER = "bugdent.Pomodoro--SwiftUI-UITests";
				PRODUCT_NAME = "$(TARGET_NAME)";
				SWIFT_EMIT_LOC_STRINGS = NO;
				SWIFT_VERSION = 5.0;
				TARGETED_DEVICE_FAMILY = "1,2";
				TEST_TARGET_NAME = "Pomodoro (SwiftUI)";
			};
			name = Debug;
		};
		4064D0D32909F406002C1E75 /* Release */ = {
			isa = XCBuildConfiguration;
			buildSettings = {
				ALWAYS_EMBED_SWIFT_STANDARD_LIBRARIES = YES;
				CODE_SIGN_STYLE = Automatic;
				CURRENT_PROJECT_VERSION = 1;
				DEVELOPMENT_TEAM = 9B48U74AU3;
				GENERATE_INFOPLIST_FILE = YES;
				MARKETING_VERSION = 1.0;
				PRODUCT_BUNDLE_IDENTIFIER = "bugdent.Pomodoro--SwiftUI-UITests";
				PRODUCT_NAME = "$(TARGET_NAME)";
				SWIFT_EMIT_LOC_STRINGS = NO;
				SWIFT_VERSION = 5.0;
				TARGETED_DEVICE_FAMILY = "1,2";
				TEST_TARGET_NAME = "Pomodoro (SwiftUI)";
			};
			name = Release;
		};
/* End XCBuildConfiguration section */

/* Begin XCConfigurationList section */
		4064D0A22909F404002C1E75 /* Build configuration list for PBXProject "Pomodoro (SwiftUI)" */ = {
			isa = XCConfigurationList;
			buildConfigurations = (
				4064D0C92909F406002C1E75 /* Debug */,
				4064D0CA2909F406002C1E75 /* Release */,
			);
			defaultConfigurationIsVisible = 0;
			defaultConfigurationName = Release;
		};
		4064D0CB2909F406002C1E75 /* Build configuration list for PBXNativeTarget "Pomodoro (SwiftUI)" */ = {
			isa = XCConfigurationList;
			buildConfigurations = (
				4064D0CC2909F406002C1E75 /* Debug */,
				4064D0CD2909F406002C1E75 /* Release */,
			);
			defaultConfigurationIsVisible = 0;
			defaultConfigurationName = Release;
		};
		4064D0CE2909F406002C1E75 /* Build configuration list for PBXNativeTarget "Pomodoro (SwiftUI)Tests" */ = {
			isa = XCConfigurationList;
			buildConfigurations = (
				4064D0CF2909F406002C1E75 /* Debug */,
				4064D0D02909F406002C1E75 /* Release */,
			);
			defaultConfigurationIsVisible = 0;
			defaultConfigurationName = Release;
		};
		4064D0D12909F406002C1E75 /* Build configuration list for PBXNativeTarget "Pomodoro (SwiftUI)UITests" */ = {
			isa = XCConfigurationList;
			buildConfigurations = (
				4064D0D22909F406002C1E75 /* Debug */,
				4064D0D32909F406002C1E75 /* Release */,
			);
			defaultConfigurationIsVisible = 0;
			defaultConfigurationName = Release;
		};
/* End XCConfigurationList section */

/* Begin XCRemoteSwiftPackageReference section */
		4064D0D7290B038D002C1E75 /* XCRemoteSwiftPackageReference "lottie-ios" */ = {
			isa = XCRemoteSwiftPackageReference;
			repositoryURL = "https://github.com/airbnb/lottie-ios.git";
			requirement = {
				kind = upToNextMajorVersion;
				minimumVersion = 3.0.0;
			};
		};
/* End XCRemoteSwiftPackageReference section */

/* Begin XCSwiftPackageProductDependency section */
		4064D0D8290B038D002C1E75 /* Lottie */ = {
			isa = XCSwiftPackageProductDependency;
			package = 4064D0D7290B038D002C1E75 /* XCRemoteSwiftPackageReference "lottie-ios" */;
			productName = Lottie;
		};
/* End XCSwiftPackageProductDependency section */

/* Begin XCVersionGroup section */
		4064D0E8290C6572002C1E75 /* Pomodoro.xcdatamodeld */ = {
			isa = XCVersionGroup;
			children = (
				4064D0E9290C6572002C1E75 /* Pomodoro.xcdatamodel */,
			);
			currentVersion = 4064D0E9290C6572002C1E75 /* Pomodoro.xcdatamodel */;
			path = Pomodoro.xcdatamodeld;
			sourceTree = "<group>";
			versionGroupType = wrapper.xcdatamodel;
		};
/* End XCVersionGroup section */
	};
	rootObject = 4064D09F2909F404002C1E75 /* Project object */;
}
